// !$*UTF8*$!
{
	archiveVersion = 1;
	classes = {
	};
	objectVersion = 55;
	objects = {

/* Begin PBXBuildFile section */
		2117089B2956AB95006025DF /* FriendSearchView.m in Sources */ = {isa = PBXBuildFile; fileRef = 2117089A2956AB95006025DF /* FriendSearchView.m */; };
		2117089E2956B2D4006025DF /* FriendSearchTextField.m in Sources */ = {isa = PBXBuildFile; fileRef = 2117089D2956B2D4006025DF /* FriendSearchTextField.m */; };
		211708A22956B9BE006025DF /* FriendListTableViewCell.m in Sources */ = {isa = PBXBuildFile; fileRef = 211708A12956B9BE006025DF /* FriendListTableViewCell.m */; };
		211708A62956E84B006025DF /* FriendTabView.m in Sources */ = {isa = PBXBuildFile; fileRef = 211708A52956E84B006025DF /* FriendTabView.m */; };
		211708A92956EB69006025DF /* FriendTabCollectionViewCell.m in Sources */ = {isa = PBXBuildFile; fileRef = 211708A82956EB69006025DF /* FriendTabCollectionViewCell.m */; };
		211708B42958090B006025DF /* FriendListViewModel.m in Sources */ = {isa = PBXBuildFile; fileRef = 211708B32958090B006025DF /* FriendListViewModel.m */; };
		211708B729585C6E006025DF /* TabViewData.m in Sources */ = {isa = PBXBuildFile; fileRef = 211708B629585C6E006025DF /* TabViewData.m */; };
		218FC32A295559DB0074430C /* FriendListViewController.m in Sources */ = {isa = PBXBuildFile; fileRef = 218FC329295559DB0074430C /* FriendListViewController.m */; };
		218FC32D29555C7A0074430C /* SettingViewController.m in Sources */ = {isa = PBXBuildFile; fileRef = 218FC32C29555C7A0074430C /* SettingViewController.m */; };
		218FC3312955796F0074430C /* FriendMemberInfoView.m in Sources */ = {isa = PBXBuildFile; fileRef = 218FC3302955796F0074430C /* FriendMemberInfoView.m */; };
		218FC33A2955B2090074430C /* Localizable.strings in Resources */ = {isa = PBXBuildFile; fileRef = 218FC3392955B2090074430C /* Localizable.strings */; };
		218FC33D2955B3E70074430C /* UIColor+Extension.m in Sources */ = {isa = PBXBuildFile; fileRef = 218FC33C2955B3E70074430C /* UIColor+Extension.m */; };
		51F340B4A22660D13C9297BC /* Pods_Friendlist.framework in Frameworks */ = {isa = PBXBuildFile; fileRef = 7873BBEBA6ED02464C911A3F /* Pods_Friendlist.framework */; };
		CB40FAAA2945B3AC00550460 /* APIManager.m in Sources */ = {isa = PBXBuildFile; fileRef = CB40FAA92945B3AC00550460 /* APIManager.m */; };
		CB40FAAE2945BA9000550460 /* MemberInfo.m in Sources */ = {isa = PBXBuildFile; fileRef = CB40FAAD2945BA8F00550460 /* MemberInfo.m */; };
		CB40FAB12945BF5C00550460 /* GeneralModel.m in Sources */ = {isa = PBXBuildFile; fileRef = CB40FAB02945BF5C00550460 /* GeneralModel.m */; };
		CB40FAB42945C13800550460 /* Friend.m in Sources */ = {isa = PBXBuildFile; fileRef = CB40FAB32945C13800550460 /* Friend.m */; };
		CB5CEADC2944749900B38BA6 /* AppDelegate.m in Sources */ = {isa = PBXBuildFile; fileRef = CB5CEADB2944749900B38BA6 /* AppDelegate.m */; };
		CB5CEAE72944749B00B38BA6 /* Assets.xcassets in Resources */ = {isa = PBXBuildFile; fileRef = CB5CEAE62944749B00B38BA6 /* Assets.xcassets */; };
		CB5CEAEA2944749B00B38BA6 /* LaunchScreen.storyboard in Resources */ = {isa = PBXBuildFile; fileRef = CB5CEAE82944749B00B38BA6 /* LaunchScreen.storyboard */; };
		CB5CEAED2944749B00B38BA6 /* main.m in Sources */ = {isa = PBXBuildFile; fileRef = CB5CEAEC2944749B00B38BA6 /* main.m */; };
/* End PBXBuildFile section */

/* Begin PBXFileReference section */
		211708992956AB95006025DF /* FriendSearchView.h */ = {isa = PBXFileReference; lastKnownFileType = sourcecode.c.h; path = FriendSearchView.h; sourceTree = "<group>"; };
		2117089A2956AB95006025DF /* FriendSearchView.m */ = {isa = PBXFileReference; lastKnownFileType = sourcecode.c.objc; path = FriendSearchView.m; sourceTree = "<group>"; };
		2117089C2956B2D4006025DF /* FriendSearchTextField.h */ = {isa = PBXFileReference; lastKnownFileType = sourcecode.c.h; path = FriendSearchTextField.h; sourceTree = "<group>"; };
		2117089D2956B2D4006025DF /* FriendSearchTextField.m */ = {isa = PBXFileReference; lastKnownFileType = sourcecode.c.objc; path = FriendSearchTextField.m; sourceTree = "<group>"; };
		211708A02956B9BE006025DF /* FriendListTableViewCell.h */ = {isa = PBXFileReference; lastKnownFileType = sourcecode.c.h; path = FriendListTableViewCell.h; sourceTree = "<group>"; };
		211708A12956B9BE006025DF /* FriendListTableViewCell.m */ = {isa = PBXFileReference; lastKnownFileType = sourcecode.c.objc; path = FriendListTableViewCell.m; sourceTree = "<group>"; };
		211708A42956E84B006025DF /* FriendTabView.h */ = {isa = PBXFileReference; lastKnownFileType = sourcecode.c.h; path = FriendTabView.h; sourceTree = "<group>"; };
		211708A52956E84B006025DF /* FriendTabView.m */ = {isa = PBXFileReference; lastKnownFileType = sourcecode.c.objc; path = FriendTabView.m; sourceTree = "<group>"; };
		211708A72956EB69006025DF /* FriendTabCollectionViewCell.h */ = {isa = PBXFileReference; lastKnownFileType = sourcecode.c.h; path = FriendTabCollectionViewCell.h; sourceTree = "<group>"; };
		211708A82956EB69006025DF /* FriendTabCollectionViewCell.m */ = {isa = PBXFileReference; lastKnownFileType = sourcecode.c.objc; path = FriendTabCollectionViewCell.m; sourceTree = "<group>"; };
		211708B22958090B006025DF /* FriendListViewModel.h */ = {isa = PBXFileReference; lastKnownFileType = sourcecode.c.h; path = FriendListViewModel.h; sourceTree = "<group>"; };
		211708B32958090B006025DF /* FriendListViewModel.m */ = {isa = PBXFileReference; lastKnownFileType = sourcecode.c.objc; path = FriendListViewModel.m; sourceTree = "<group>"; };
		211708B529585C6E006025DF /* TabViewData.h */ = {isa = PBXFileReference; lastKnownFileType = sourcecode.c.h; path = TabViewData.h; sourceTree = "<group>"; };
		211708B629585C6E006025DF /* TabViewData.m */ = {isa = PBXFileReference; lastKnownFileType = sourcecode.c.objc; path = TabViewData.m; sourceTree = "<group>"; };
		218FC328295559DB0074430C /* FriendListViewController.h */ = {isa = PBXFileReference; lastKnownFileType = sourcecode.c.h; path = FriendListViewController.h; sourceTree = "<group>"; };
		218FC329295559DB0074430C /* FriendListViewController.m */ = {isa = PBXFileReference; lastKnownFileType = sourcecode.c.objc; path = FriendListViewController.m; sourceTree = "<group>"; };
		218FC32B29555C7A0074430C /* SettingViewController.h */ = {isa = PBXFileReference; lastKnownFileType = sourcecode.c.h; path = SettingViewController.h; sourceTree = "<group>"; };
		218FC32C29555C7A0074430C /* SettingViewController.m */ = {isa = PBXFileReference; lastKnownFileType = sourcecode.c.objc; path = SettingViewController.m; sourceTree = "<group>"; };
		218FC32F2955796F0074430C /* FriendMemberInfoView.h */ = {isa = PBXFileReference; lastKnownFileType = sourcecode.c.h; path = FriendMemberInfoView.h; sourceTree = "<group>"; };
		218FC3302955796F0074430C /* FriendMemberInfoView.m */ = {isa = PBXFileReference; lastKnownFileType = sourcecode.c.objc; path = FriendMemberInfoView.m; sourceTree = "<group>"; };
		218FC3392955B2090074430C /* Localizable.strings */ = {isa = PBXFileReference; lastKnownFileType = text.plist.strings; path = Localizable.strings; sourceTree = "<group>"; };
		218FC33B2955B3E70074430C /* UIColor+Extension.h */ = {isa = PBXFileReference; lastKnownFileType = sourcecode.c.h; path = "UIColor+Extension.h"; sourceTree = "<group>"; };
		218FC33C2955B3E70074430C /* UIColor+Extension.m */ = {isa = PBXFileReference; lastKnownFileType = sourcecode.c.objc; path = "UIColor+Extension.m"; sourceTree = "<group>"; };
		7873BBEBA6ED02464C911A3F /* Pods_Friendlist.framework */ = {isa = PBXFileReference; explicitFileType = wrapper.framework; includeInIndex = 0; path = Pods_Friendlist.framework; sourceTree = BUILT_PRODUCTS_DIR; };
		A69D949D3021D4242FCFBA9C /* Pods-Friendlist.release.xcconfig */ = {isa = PBXFileReference; includeInIndex = 1; lastKnownFileType = text.xcconfig; name = "Pods-Friendlist.release.xcconfig"; path = "Target Support Files/Pods-Friendlist/Pods-Friendlist.release.xcconfig"; sourceTree = "<group>"; };
		CB40FAA82945B3AC00550460 /* APIManager.h */ = {isa = PBXFileReference; lastKnownFileType = sourcecode.c.h; path = APIManager.h; sourceTree = "<group>"; };
		CB40FAA92945B3AC00550460 /* APIManager.m */ = {isa = PBXFileReference; lastKnownFileType = sourcecode.c.objc; path = APIManager.m; sourceTree = "<group>"; };
		CB40FAAC2945BA8F00550460 /* MemberInfo.h */ = {isa = PBXFileReference; lastKnownFileType = sourcecode.c.h; path = MemberInfo.h; sourceTree = "<group>"; };
		CB40FAAD2945BA8F00550460 /* MemberInfo.m */ = {isa = PBXFileReference; lastKnownFileType = sourcecode.c.objc; path = MemberInfo.m; sourceTree = "<group>"; };
		CB40FAAF2945BF5C00550460 /* GeneralModel.h */ = {isa = PBXFileReference; lastKnownFileType = sourcecode.c.h; path = GeneralModel.h; sourceTree = "<group>"; };
		CB40FAB02945BF5C00550460 /* GeneralModel.m */ = {isa = PBXFileReference; lastKnownFileType = sourcecode.c.objc; path = GeneralModel.m; sourceTree = "<group>"; };
		CB40FAB22945C13800550460 /* Friend.h */ = {isa = PBXFileReference; lastKnownFileType = sourcecode.c.h; path = Friend.h; sourceTree = "<group>"; };
		CB40FAB32945C13800550460 /* Friend.m */ = {isa = PBXFileReference; lastKnownFileType = sourcecode.c.objc; path = Friend.m; sourceTree = "<group>"; };
		CB5CEAD72944749900B38BA6 /* Friendlist.app */ = {isa = PBXFileReference; explicitFileType = wrapper.application; includeInIndex = 0; path = Friendlist.app; sourceTree = BUILT_PRODUCTS_DIR; };
		CB5CEADA2944749900B38BA6 /* AppDelegate.h */ = {isa = PBXFileReference; lastKnownFileType = sourcecode.c.h; path = AppDelegate.h; sourceTree = "<group>"; };
		CB5CEADB2944749900B38BA6 /* AppDelegate.m */ = {isa = PBXFileReference; lastKnownFileType = sourcecode.c.objc; path = AppDelegate.m; sourceTree = "<group>"; };
		CB5CEAE62944749B00B38BA6 /* Assets.xcassets */ = {isa = PBXFileReference; lastKnownFileType = folder.assetcatalog; path = Assets.xcassets; sourceTree = "<group>"; };
		CB5CEAE92944749B00B38BA6 /* Base */ = {isa = PBXFileReference; lastKnownFileType = file.storyboard; name = Base; path = Base.lproj/LaunchScreen.storyboard; sourceTree = "<group>"; };
		CB5CEAEB2944749B00B38BA6 /* Info.plist */ = {isa = PBXFileReference; lastKnownFileType = text.plist.xml; path = Info.plist; sourceTree = "<group>"; };
		CB5CEAEC2944749B00B38BA6 /* main.m */ = {isa = PBXFileReference; lastKnownFileType = sourcecode.c.objc; path = main.m; sourceTree = "<group>"; };
		FCE72F6B15259D6FED970759 /* Pods-Friendlist.debug.xcconfig */ = {isa = PBXFileReference; includeInIndex = 1; lastKnownFileType = text.xcconfig; name = "Pods-Friendlist.debug.xcconfig"; path = "Target Support Files/Pods-Friendlist/Pods-Friendlist.debug.xcconfig"; sourceTree = "<group>"; };
/* End PBXFileReference section */

/* Begin PBXFrameworksBuildPhase section */
		CB5CEAD42944749900B38BA6 /* Frameworks */ = {
			isa = PBXFrameworksBuildPhase;
			buildActionMask = 2147483647;
			files = (
				51F340B4A22660D13C9297BC /* Pods_Friendlist.framework in Frameworks */,
			);
			runOnlyForDeploymentPostprocessing = 0;
		};
/* End PBXFrameworksBuildPhase section */

/* Begin PBXGroup section */
		2117089F2956B9AA006025DF /* Cell */ = {
			isa = PBXGroup;
			children = (
				211708A02956B9BE006025DF /* FriendListTableViewCell.h */,
				211708A12956B9BE006025DF /* FriendListTableViewCell.m */,
				211708A72956EB69006025DF /* FriendTabCollectionViewCell.h */,
				211708A82956EB69006025DF /* FriendTabCollectionViewCell.m */,
			);
			path = Cell;
			sourceTree = "<group>";
		};
		218FC326295559AE0074430C /* Controller */ = {
			isa = PBXGroup;
			children = (
				218FC328295559DB0074430C /* FriendListViewController.h */,
				218FC329295559DB0074430C /* FriendListViewController.m */,
				218FC32B29555C7A0074430C /* SettingViewController.h */,
				218FC32C29555C7A0074430C /* SettingViewController.m */,
			);
			path = Controller;
			sourceTree = "<group>";
		};
		218FC327295559BA0074430C /* ViewModel */ = {
			isa = PBXGroup;
			children = (
				211708B22958090B006025DF /* FriendListViewModel.h */,
				211708B32958090B006025DF /* FriendListViewModel.m */,
			);
			path = ViewModel;
			sourceTree = "<group>";
		};
		218FC32E295579550074430C /* View */ = {
			isa = PBXGroup;
			children = (
				2117089F2956B9AA006025DF /* Cell */,
				218FC32F2955796F0074430C /* FriendMemberInfoView.h */,
				218FC3302955796F0074430C /* FriendMemberInfoView.m */,
				211708992956AB95006025DF /* FriendSearchView.h */,
				2117089A2956AB95006025DF /* FriendSearchView.m */,
				2117089C2956B2D4006025DF /* FriendSearchTextField.h */,
				2117089D2956B2D4006025DF /* FriendSearchTextField.m */,
				211708A42956E84B006025DF /* FriendTabView.h */,
				211708A52956E84B006025DF /* FriendTabView.m */,
			);
			path = View;
			sourceTree = "<group>";
		};
		218FC3382955B1F10074430C /* Config */ = {
			isa = PBXGroup;
			children = (
				218FC3392955B2090074430C /* Localizable.strings */,
				218FC33B2955B3E70074430C /* UIColor+Extension.h */,
				218FC33C2955B3E70074430C /* UIColor+Extension.m */,
			);
			path = Config;
			sourceTree = "<group>";
		};
		940F9E1B583CD53BA5A3D5D0 /* Frameworks */ = {
			isa = PBXGroup;
			children = (
				7873BBEBA6ED02464C911A3F /* Pods_Friendlist.framework */,
			);
			name = Frameworks;
			sourceTree = "<group>";
		};
		CB40FAA72945B38900550460 /* APIManager */ = {
			isa = PBXGroup;
			children = (
				CB40FAA82945B3AC00550460 /* APIManager.h */,
				CB40FAA92945B3AC00550460 /* APIManager.m */,
			);
			path = APIManager;
			sourceTree = "<group>";
		};
		CB40FAAB2945BA6F00550460 /* Model */ = {
			isa = PBXGroup;
			children = (
				CB40FAAC2945BA8F00550460 /* MemberInfo.h */,
				CB40FAAD2945BA8F00550460 /* MemberInfo.m */,
				CB40FAAF2945BF5C00550460 /* GeneralModel.h */,
				CB40FAB02945BF5C00550460 /* GeneralModel.m */,
				CB40FAB22945C13800550460 /* Friend.h */,
				CB40FAB32945C13800550460 /* Friend.m */,
				211708B529585C6E006025DF /* TabViewData.h */,
				211708B629585C6E006025DF /* TabViewData.m */,
			);
			path = Model;
			sourceTree = "<group>";
		};
		CB5CEACE2944749900B38BA6 = {
			isa = PBXGroup;
			children = (
				CB5CEAD92944749900B38BA6 /* Friendlist */,
				CB5CEAD82944749900B38BA6 /* Products */,
				FB81575267959F3D6FD21445 /* Pods */,
				940F9E1B583CD53BA5A3D5D0 /* Frameworks */,
			);
			sourceTree = "<group>";
		};
		CB5CEAD82944749900B38BA6 /* Products */ = {
			isa = PBXGroup;
			children = (
				CB5CEAD72944749900B38BA6 /* Friendlist.app */,
			);
			name = Products;
			sourceTree = "<group>";
		};
		CB5CEAD92944749900B38BA6 /* Friendlist */ = {
			isa = PBXGroup;
			children = (
				CB5CEADA2944749900B38BA6 /* AppDelegate.h */,
				CB5CEADB2944749900B38BA6 /* AppDelegate.m */,
				218FC32E295579550074430C /* View */,
				218FC327295559BA0074430C /* ViewModel */,
				218FC326295559AE0074430C /* Controller */,
				CB40FAAB2945BA6F00550460 /* Model */,
				CB40FAA72945B38900550460 /* APIManager */,
				218FC3382955B1F10074430C /* Config */,
				CB5CEAE62944749B00B38BA6 /* Assets.xcassets */,
				CB5CEAE82944749B00B38BA6 /* LaunchScreen.storyboard */,
				CB5CEAEB2944749B00B38BA6 /* Info.plist */,
				CB5CEAEC2944749B00B38BA6 /* main.m */,
			);
			path = Friendlist;
			sourceTree = "<group>";
		};
		FB81575267959F3D6FD21445 /* Pods */ = {
			isa = PBXGroup;
			children = (
				FCE72F6B15259D6FED970759 /* Pods-Friendlist.debug.xcconfig */,
				A69D949D3021D4242FCFBA9C /* Pods-Friendlist.release.xcconfig */,
			);
			path = Pods;
			sourceTree = "<group>";
		};
/* End PBXGroup section */

/* Begin PBXNativeTarget section */
		CB5CEAD62944749900B38BA6 /* Friendlist */ = {
			isa = PBXNativeTarget;
			buildConfigurationList = CB5CEAF02944749B00B38BA6 /* Build configuration list for PBXNativeTarget "Friendlist" */;
			buildPhases = (
				23275937508690E4D2906623 /* [CP] Check Pods Manifest.lock */,
				CB5CEAD32944749900B38BA6 /* Sources */,
				CB5CEAD42944749900B38BA6 /* Frameworks */,
				CB5CEAD52944749900B38BA6 /* Resources */,
				FA8D3FBDE5E21C2F9183FAD2 /* [CP] Embed Pods Frameworks */,
			);
			buildRules = (
			);
			dependencies = (
			);
			name = Friendlist;
			productName = Friendlist;
			productReference = CB5CEAD72944749900B38BA6 /* Friendlist.app */;
			productType = "com.apple.product-type.application";
		};
/* End PBXNativeTarget section */

/* Begin PBXProject section */
		CB5CEACF2944749900B38BA6 /* Project object */ = {
			isa = PBXProject;
			attributes = {
				BuildIndependentTargetsInParallel = 1;
				LastUpgradeCheck = 1410;
				TargetAttributes = {
					CB5CEAD62944749900B38BA6 = {
						CreatedOnToolsVersion = 14.1;
					};
				};
			};
			buildConfigurationList = CB5CEAD22944749900B38BA6 /* Build configuration list for PBXProject "Friendlist" */;
			compatibilityVersion = "Xcode 13.0";
			developmentRegion = en;
			hasScannedForEncodings = 0;
			knownRegions = (
				en,
				Base,
			);
			mainGroup = CB5CEACE2944749900B38BA6;
			productRefGroup = CB5CEAD82944749900B38BA6 /* Products */;
			projectDirPath = "";
			projectRoot = "";
			targets = (
				CB5CEAD62944749900B38BA6 /* Friendlist */,
			);
		};
/* End PBXProject section */

/* Begin PBXResourcesBuildPhase section */
		CB5CEAD52944749900B38BA6 /* Resources */ = {
			isa = PBXResourcesBuildPhase;
			buildActionMask = 2147483647;
			files = (
				CB5CEAEA2944749B00B38BA6 /* LaunchScreen.storyboard in Resources */,
				218FC33A2955B2090074430C /* Localizable.strings in Resources */,
				CB5CEAE72944749B00B38BA6 /* Assets.xcassets in Resources */,
			);
			runOnlyForDeploymentPostprocessing = 0;
		};
/* End PBXResourcesBuildPhase section */

/* Begin PBXShellScriptBuildPhase section */
		23275937508690E4D2906623 /* [CP] Check Pods Manifest.lock */ = {
			isa = PBXShellScriptBuildPhase;
			buildActionMask = 2147483647;
			files = (
			);
			inputFileListPaths = (
			);
			inputPaths = (
				"${PODS_PODFILE_DIR_PATH}/Podfile.lock",
				"${PODS_ROOT}/Manifest.lock",
			);
			name = "[CP] Check Pods Manifest.lock";
			outputFileListPaths = (
			);
			outputPaths = (
				"$(DERIVED_FILE_DIR)/Pods-Friendlist-checkManifestLockResult.txt",
			);
			runOnlyForDeploymentPostprocessing = 0;
			shellPath = /bin/sh;
			shellScript = "diff \"${PODS_PODFILE_DIR_PATH}/Podfile.lock\" \"${PODS_ROOT}/Manifest.lock\" > /dev/null\nif [ $? != 0 ] ; then\n    # print error to STDERR\n    echo \"error: The sandbox is not in sync with the Podfile.lock. Run 'pod install' or update your CocoaPods installation.\" >&2\n    exit 1\nfi\n# This output is used by Xcode 'outputs' to avoid re-running this script phase.\necho \"SUCCESS\" > \"${SCRIPT_OUTPUT_FILE_0}\"\n";
			showEnvVarsInLog = 0;
		};
		FA8D3FBDE5E21C2F9183FAD2 /* [CP] Embed Pods Frameworks */ = {
			isa = PBXShellScriptBuildPhase;
			buildActionMask = 2147483647;
			files = (
			);
			inputFileListPaths = (
				"${PODS_ROOT}/Target Support Files/Pods-Friendlist/Pods-Friendlist-frameworks-${CONFIGURATION}-input-files.xcfilelist",
			);
			name = "[CP] Embed Pods Frameworks";
			outputFileListPaths = (
				"${PODS_ROOT}/Target Support Files/Pods-Friendlist/Pods-Friendlist-frameworks-${CONFIGURATION}-output-files.xcfilelist",
			);
			runOnlyForDeploymentPostprocessing = 0;
			shellPath = /bin/sh;
			shellScript = "\"${PODS_ROOT}/Target Support Files/Pods-Friendlist/Pods-Friendlist-frameworks.sh\"\n";
			showEnvVarsInLog = 0;
		};
/* End PBXShellScriptBuildPhase section */

/* Begin PBXSourcesBuildPhase section */
		CB5CEAD32944749900B38BA6 /* Sources */ = {
			isa = PBXSourcesBuildPhase;
			buildActionMask = 2147483647;
			files = (
				211708B42958090B006025DF /* FriendListViewModel.m in Sources */,
				211708B729585C6E006025DF /* TabViewData.m in Sources */,
				211708A22956B9BE006025DF /* FriendListTableViewCell.m in Sources */,
				218FC32A295559DB0074430C /* FriendListViewController.m in Sources */,
				2117089E2956B2D4006025DF /* FriendSearchTextField.m in Sources */,
				CB40FAAA2945B3AC00550460 /* APIManager.m in Sources */,
				CB40FAB42945C13800550460 /* Friend.m in Sources */,
				CB40FAB12945BF5C00550460 /* GeneralModel.m in Sources */,
				211708A62956E84B006025DF /* FriendTabView.m in Sources */,
				218FC33D2955B3E70074430C /* UIColor+Extension.m in Sources */,
				CB5CEADC2944749900B38BA6 /* AppDelegate.m in Sources */,
				218FC3312955796F0074430C /* FriendMemberInfoView.m in Sources */,
				CB5CEAED2944749B00B38BA6 /* main.m in Sources */,
				211708A92956EB69006025DF /* FriendTabCollectionViewCell.m in Sources */,
				2117089B2956AB95006025DF /* FriendSearchView.m in Sources */,
				CB40FAAE2945BA9000550460 /* MemberInfo.m in Sources */,
				218FC32D29555C7A0074430C /* SettingViewController.m in Sources */,
			);
			runOnlyForDeploymentPostprocessing = 0;
		};
/* End PBXSourcesBuildPhase section */

/* Begin PBXVariantGroup section */
		CB5CEAE82944749B00B38BA6 /* LaunchScreen.storyboard */ = {
			isa = PBXVariantGroup;
			children = (
				CB5CEAE92944749B00B38BA6 /* Base */,
			);
			name = LaunchScreen.storyboard;
			sourceTree = "<group>";
		};
/* End PBXVariantGroup section */

/* Begin XCBuildConfiguration section */
		CB5CEAEE2944749B00B38BA6 /* Debug */ = {
			isa = XCBuildConfiguration;
			buildSettings = {
				ALWAYS_SEARCH_USER_PATHS = NO;
				CLANG_ANALYZER_NONNULL = YES;
				CLANG_ANALYZER_NUMBER_OBJECT_CONVERSION = YES_AGGRESSIVE;
				CLANG_CXX_LANGUAGE_STANDARD = "gnu++20";
				CLANG_ENABLE_MODULES = YES;
				CLANG_ENABLE_OBJC_ARC = YES;
				CLANG_ENABLE_OBJC_WEAK = YES;
				CLANG_WARN_BLOCK_CAPTURE_AUTORELEASING = YES;
				CLANG_WARN_BOOL_CONVERSION = YES;
				CLANG_WARN_COMMA = YES;
				CLANG_WARN_CONSTANT_CONVERSION = YES;
				CLANG_WARN_DEPRECATED_OBJC_IMPLEMENTATIONS = YES;
				CLANG_WARN_DIRECT_OBJC_ISA_USAGE = YES_ERROR;
				CLANG_WARN_DOCUMENTATION_COMMENTS = YES;
				CLANG_WARN_EMPTY_BODY = YES;
				CLANG_WARN_ENUM_CONVERSION = YES;
				CLANG_WARN_INFINITE_RECURSION = YES;
				CLANG_WARN_INT_CONVERSION = YES;
				CLANG_WARN_NON_LITERAL_NULL_CONVERSION = YES;
				CLANG_WARN_OBJC_IMPLICIT_RETAIN_SELF = YES;
				CLANG_WARN_OBJC_LITERAL_CONVERSION = YES;
				CLANG_WARN_OBJC_ROOT_CLASS = YES_ERROR;
				CLANG_WARN_QUOTED_INCLUDE_IN_FRAMEWORK_HEADER = YES;
				CLANG_WARN_RANGE_LOOP_ANALYSIS = YES;
				CLANG_WARN_STRICT_PROTOTYPES = YES;
				CLANG_WARN_SUSPICIOUS_MOVE = YES;
				CLANG_WARN_UNGUARDED_AVAILABILITY = YES_AGGRESSIVE;
				CLANG_WARN_UNREACHABLE_CODE = YES;
				CLANG_WARN__DUPLICATE_METHOD_MATCH = YES;
				COPY_PHASE_STRIP = NO;
				DEBUG_INFORMATION_FORMAT = dwarf;
				ENABLE_STRICT_OBJC_MSGSEND = YES;
				ENABLE_TESTABILITY = YES;
				GCC_C_LANGUAGE_STANDARD = gnu11;
				GCC_DYNAMIC_NO_PIC = NO;
				GCC_NO_COMMON_BLOCKS = YES;
				GCC_OPTIMIZATION_LEVEL = 0;
				GCC_PREPROCESSOR_DEFINITIONS = (
					"DEBUG=1",
					"$(inherited)",
				);
				GCC_WARN_64_TO_32_BIT_CONVERSION = YES;
				GCC_WARN_ABOUT_RETURN_TYPE = YES_ERROR;
				GCC_WARN_UNDECLARED_SELECTOR = YES;
				GCC_WARN_UNINITIALIZED_AUTOS = YES_AGGRESSIVE;
				GCC_WARN_UNUSED_FUNCTION = YES;
				GCC_WARN_UNUSED_VARIABLE = YES;
				IPHONEOS_DEPLOYMENT_TARGET = 16.1;
				MTL_ENABLE_DEBUG_INFO = INCLUDE_SOURCE;
				MTL_FAST_MATH = YES;
				ONLY_ACTIVE_ARCH = YES;
				SDKROOT = iphoneos;
			};
			name = Debug;
		};
		CB5CEAEF2944749B00B38BA6 /* Release */ = {
			isa = XCBuildConfiguration;
			buildSettings = {
				ALWAYS_SEARCH_USER_PATHS = NO;
				CLANG_ANALYZER_NONNULL = YES;
				CLANG_ANALYZER_NUMBER_OBJECT_CONVERSION = YES_AGGRESSIVE;
				CLANG_CXX_LANGUAGE_STANDARD = "gnu++20";
				CLANG_ENABLE_MODULES = YES;
				CLANG_ENABLE_OBJC_ARC = YES;
				CLANG_ENABLE_OBJC_WEAK = YES;
				CLANG_WARN_BLOCK_CAPTURE_AUTORELEASING = YES;
				CLANG_WARN_BOOL_CONVERSION = YES;
				CLANG_WARN_COMMA = YES;
				CLANG_WARN_CONSTANT_CONVERSION = YES;
				CLANG_WARN_DEPRECATED_OBJC_IMPLEMENTATIONS = YES;
				CLANG_WARN_DIRECT_OBJC_ISA_USAGE = YES_ERROR;
				CLANG_WARN_DOCUMENTATION_COMMENTS = YES;
				CLANG_WARN_EMPTY_BODY = YES;
				CLANG_WARN_ENUM_CONVERSION = YES;
				CLANG_WARN_INFINITE_RECURSION = YES;
				CLANG_WARN_INT_CONVERSION = YES;
				CLANG_WARN_NON_LITERAL_NULL_CONVERSION = YES;
				CLANG_WARN_OBJC_IMPLICIT_RETAIN_SELF = YES;
				CLANG_WARN_OBJC_LITERAL_CONVERSION = YES;
				CLANG_WARN_OBJC_ROOT_CLASS = YES_ERROR;
				CLANG_WARN_QUOTED_INCLUDE_IN_FRAMEWORK_HEADER = YES;
				CLANG_WARN_RANGE_LOOP_ANALYSIS = YES;
				CLANG_WARN_STRICT_PROTOTYPES = YES;
				CLANG_WARN_SUSPICIOUS_MOVE = YES;
				CLANG_WARN_UNGUARDED_AVAILABILITY = YES_AGGRESSIVE;
				CLANG_WARN_UNREACHABLE_CODE = YES;
				CLANG_WARN__DUPLICATE_METHOD_MATCH = YES;
				COPY_PHASE_STRIP = NO;
				DEBUG_INFORMATION_FORMAT = "dwarf-with-dsym";
				ENABLE_NS_ASSERTIONS = NO;
				ENABLE_STRICT_OBJC_MSGSEND = YES;
				GCC_C_LANGUAGE_STANDARD = gnu11;
				GCC_NO_COMMON_BLOCKS = YES;
				GCC_WARN_64_TO_32_BIT_CONVERSION = YES;
				GCC_WARN_ABOUT_RETURN_TYPE = YES_ERROR;
				GCC_WARN_UNDECLARED_SELECTOR = YES;
				GCC_WARN_UNINITIALIZED_AUTOS = YES_AGGRESSIVE;
				GCC_WARN_UNUSED_FUNCTION = YES;
				GCC_WARN_UNUSED_VARIABLE = YES;
				IPHONEOS_DEPLOYMENT_TARGET = 16.1;
				MTL_ENABLE_DEBUG_INFO = NO;
				MTL_FAST_MATH = YES;
				SDKROOT = iphoneos;
				VALIDATE_PRODUCT = YES;
			};
			name = Release;
		};
		CB5CEAF12944749B00B38BA6 /* Debug */ = {
			isa = XCBuildConfiguration;
			baseConfigurationReference = FCE72F6B15259D6FED970759 /* Pods-Friendlist.debug.xcconfig */;
			buildSettings = {
				ASSETCATALOG_COMPILER_APPICON_NAME = AppIcon;
				ASSETCATALOG_COMPILER_GLOBAL_ACCENT_COLOR_NAME = AccentColor;
				CODE_SIGN_STYLE = Automatic;
				CURRENT_PROJECT_VERSION = 1;
				DEVELOPMENT_TEAM = 2QP22QTHNQ;
				GENERATE_INFOPLIST_FILE = YES;
				INFOPLIST_FILE = Friendlist/Info.plist;
				INFOPLIST_KEY_UIApplicationSupportsIndirectInputEvents = YES;
				INFOPLIST_KEY_UILaunchStoryboardName = LaunchScreen.storyboard;
				INFOPLIST_KEY_UIMainStoryboardFile = "";
				INFOPLIST_KEY_UISupportedInterfaceOrientations_iPad = "UIInterfaceOrientationPortrait UIInterfaceOrientationPortraitUpsideDown UIInterfaceOrientationLandscapeLeft UIInterfaceOrientationLandscapeRight";
				INFOPLIST_KEY_UISupportedInterfaceOrientations_iPhone = "UIInterfaceOrientationPortrait UIInterfaceOrientationLandscapeLeft UIInterfaceOrientationLandscapeRight";
				LD_RUNPATH_SEARCH_PATHS = (
					"$(inherited)",
					"@executable_path/Frameworks",
				);
				MARKETING_VERSION = 1.0;
				PRODUCT_BUNDLE_IDENTIFIER = com.lawrence.Friendlist;
				PRODUCT_NAME = "$(TARGET_NAME)";
				SWIFT_EMIT_LOC_STRINGS = YES;
				TARGETED_DEVICE_FAMILY = "1,2";
			};
			name = Debug;
		};
		CB5CEAF22944749B00B38BA6 /* Release */ = {
			isa = XCBuildConfiguration;
			baseConfigurationReference = A69D949D3021D4242FCFBA9C /* Pods-Friendlist.release.xcconfig */;
			buildSettings = {
				ASSETCATALOG_COMPILER_APPICON_NAME = AppIcon;
				ASSETCATALOG_COMPILER_GLOBAL_ACCENT_COLOR_NAME = AccentColor;
				CODE_SIGN_STYLE = Automatic;
				CURRENT_PROJECT_VERSION = 1;
				DEVELOPMENT_TEAM = 2QP22QTHNQ;
				GENERATE_INFOPLIST_FILE = YES;
				INFOPLIST_FILE = Friendlist/Info.plist;
				INFOPLIST_KEY_UIApplicationSupportsIndirectInputEvents = YES;
				INFOPLIST_KEY_UILaunchStoryboardName = LaunchScreen.storyboard;
				INFOPLIST_KEY_UIMainStoryboardFile = "";
				INFOPLIST_KEY_UISupportedInterfaceOrientations_iPad = "UIInterfaceOrientationPortrait UIInterfaceOrientationPortraitUpsideDown UIInterfaceOrientationLandscapeLeft UIInterfaceOrientationLandscapeRight";
				INFOPLIST_KEY_UISupportedInterfaceOrientations_iPhone = "UIInterfaceOrientationPortrait UIInterfaceOrientationLandscapeLeft UIInterfaceOrientationLandscapeRight";
				LD_RUNPATH_SEARCH_PATHS = (
					"$(inherited)",
					"@executable_path/Frameworks",
				);
				MARKETING_VERSION = 1.0;
				PRODUCT_BUNDLE_IDENTIFIER = com.lawrence.Friendlist;
				PRODUCT_NAME = "$(TARGET_NAME)";
				SWIFT_EMIT_LOC_STRINGS = YES;
				TARGETED_DEVICE_FAMILY = "1,2";
			};
			name = Release;
		};
/* End XCBuildConfiguration section */

/* Begin XCConfigurationList section */
		CB5CEAD22944749900B38BA6 /* Build configuration list for PBXProject "Friendlist" */ = {
			isa = XCConfigurationList;
			buildConfigurations = (
				CB5CEAEE2944749B00B38BA6 /* Debug */,
				CB5CEAEF2944749B00B38BA6 /* Release */,
			);
			defaultConfigurationIsVisible = 0;
			defaultConfigurationName = Release;
		};
		CB5CEAF02944749B00B38BA6 /* Build configuration list for PBXNativeTarget "Friendlist" */ = {
			isa = XCConfigurationList;
			buildConfigurations = (
				CB5CEAF12944749B00B38BA6 /* Debug */,
				CB5CEAF22944749B00B38BA6 /* Release */,
			);
			defaultConfigurationIsVisible = 0;
			defaultConfigurationName = Release;
		};
/* End XCConfigurationList section */
	};
	rootObject = CB5CEACF2944749900B38BA6 /* Project object */;
}
